// !$*UTF8*$!
{
	archiveVersion = 1;
	classes = {
	};
	objectVersion = 55;
	objects = {

/* Begin PBXBuildFile section */
		B2A9CA08286344F0002F9C95 /* FruitModel.swift in Sources */ = {isa = PBXBuildFile; fileRef = B2A9CA07286344F0002F9C95 /* FruitModel.swift */; };
		B2A9CA0A286345A1002F9C95 /* FruitData.swift in Sources */ = {isa = PBXBuildFile; fileRef = B2A9CA09286345A1002F9C95 /* FruitData.swift */; };
		B2A9CA0C28634C17002F9C95 /* FruitRowView.swift in Sources */ = {isa = PBXBuildFile; fileRef = B2A9CA0B28634C17002F9C95 /* FruitRowView.swift */; };
		B2AD23B62861F1DF008D9EE8 /* fruitsApp.swift in Sources */ = {isa = PBXBuildFile; fileRef = B2AD23B52861F1DF008D9EE8 /* fruitsApp.swift */; };
		B2AD23B82861F1DF008D9EE8 /* ContentView.swift in Sources */ = {isa = PBXBuildFile; fileRef = B2AD23B72861F1DF008D9EE8 /* ContentView.swift */; };
		B2AD23BA2861F1E0008D9EE8 /* Assets.xcassets in Resources */ = {isa = PBXBuildFile; fileRef = B2AD23B92861F1E0008D9EE8 /* Assets.xcassets */; };
		B2AD23BD2861F1E0008D9EE8 /* Preview Assets.xcassets in Resources */ = {isa = PBXBuildFile; fileRef = B2AD23BC2861F1E0008D9EE8 /* Preview Assets.xcassets */; };
		B2AD23CA2861F777008D9EE8 /* FruitCardView.swift in Sources */ = {isa = PBXBuildFile; fileRef = B2AD23C92861F777008D9EE8 /* FruitCardView.swift */; };
		B2AD23CD2861F91D008D9EE8 /* Extensions.swift in Sources */ = {isa = PBXBuildFile; fileRef = B2AD23CC2861F91D008D9EE8 /* Extensions.swift */; };
		B2AD23CF2861FDA9008D9EE8 /* StartButton.swift in Sources */ = {isa = PBXBuildFile; fileRef = B2AD23CE2861FDA9008D9EE8 /* StartButton.swift */; };
		B2AD23D12862003E008D9EE8 /* OnboardingView.swift in Sources */ = {isa = PBXBuildFile; fileRef = B2AD23D02862003E008D9EE8 /* OnboardingView.swift */; };
/* End PBXBuildFile section */

/* Begin PBXFileReference section */
		B2A9CA07286344F0002F9C95 /* FruitModel.swift */ = {isa = PBXFileReference; lastKnownFileType = sourcecode.swift; path = FruitModel.swift; sourceTree = "<group>"; };
		B2A9CA09286345A1002F9C95 /* FruitData.swift */ = {isa = PBXFileReference; lastKnownFileType = sourcecode.swift; path = FruitData.swift; sourceTree = "<group>"; };
		B2A9CA0B28634C17002F9C95 /* FruitRowView.swift */ = {isa = PBXFileReference; lastKnownFileType = sourcecode.swift; path = FruitRowView.swift; sourceTree = "<group>"; };
		B2AD23B22861F1DF008D9EE8 /* fruits.app */ = {isa = PBXFileReference; explicitFileType = wrapper.application; includeInIndex = 0; path = fruits.app; sourceTree = BUILT_PRODUCTS_DIR; };
		B2AD23B52861F1DF008D9EE8 /* fruitsApp.swift */ = {isa = PBXFileReference; lastKnownFileType = sourcecode.swift; path = fruitsApp.swift; sourceTree = "<group>"; };
		B2AD23B72861F1DF008D9EE8 /* ContentView.swift */ = {isa = PBXFileReference; lastKnownFileType = sourcecode.swift; path = ContentView.swift; sourceTree = "<group>"; };
		B2AD23B92861F1E0008D9EE8 /* Assets.xcassets */ = {isa = PBXFileReference; lastKnownFileType = folder.assetcatalog; path = Assets.xcassets; sourceTree = "<group>"; };
		B2AD23BC2861F1E0008D9EE8 /* Preview Assets.xcassets */ = {isa = PBXFileReference; lastKnownFileType = folder.assetcatalog; path = "Preview Assets.xcassets"; sourceTree = "<group>"; };
		B2AD23C92861F777008D9EE8 /* FruitCardView.swift */ = {isa = PBXFileReference; lastKnownFileType = sourcecode.swift; path = FruitCardView.swift; sourceTree = "<group>"; };
		B2AD23CC2861F91D008D9EE8 /* Extensions.swift */ = {isa = PBXFileReference; lastKnownFileType = sourcecode.swift; path = Extensions.swift; sourceTree = "<group>"; };
		B2AD23CE2861FDA9008D9EE8 /* StartButton.swift */ = {isa = PBXFileReference; lastKnownFileType = sourcecode.swift; path = StartButton.swift; sourceTree = "<group>"; };
		B2AD23D02862003E008D9EE8 /* OnboardingView.swift */ = {isa = PBXFileReference; lastKnownFileType = sourcecode.swift; path = OnboardingView.swift; sourceTree = "<group>"; };
/* End PBXFileReference section */

/* Begin PBXFrameworksBuildPhase section */
		B2AD23AF2861F1DF008D9EE8 /* Frameworks */ = {
			isa = PBXFrameworksBuildPhase;
			buildActionMask = 2147483647;
			files = (
			);
			runOnlyForDeploymentPostprocessing = 0;
		};
/* End PBXFrameworksBuildPhase section */

/* Begin PBXGroup section */
		B2A9CA06286344C0002F9C95 /* Model */ = {
			isa = PBXGroup;
			children = (
				B2A9CA07286344F0002F9C95 /* FruitModel.swift */,
			);
			path = Model;
			sourceTree = "<group>";
		};
		B2AD23A92861F1DF008D9EE8 = {
			isa = PBXGroup;
			children = (
				B2AD23B42861F1DF008D9EE8 /* fruits */,
				B2AD23B32861F1DF008D9EE8 /* Products */,
			);
			sourceTree = "<group>";
		};
		B2AD23B32861F1DF008D9EE8 /* Products */ = {
			isa = PBXGroup;
			children = (
				B2AD23B22861F1DF008D9EE8 /* fruits.app */,
			);
			name = Products;
			sourceTree = "<group>";
		};
		B2AD23B42861F1DF008D9EE8 /* fruits */ = {
			isa = PBXGroup;
			children = (
				B2A9CA06286344C0002F9C95 /* Model */,
				B2AD23CB2861F910008D9EE8 /* Utilities */,
				B2AD23C82861F730008D9EE8 /* Components */,
				B2AD23C32861F4C5008D9EE8 /* Data */,
				B2AD23B52861F1DF008D9EE8 /* fruitsApp.swift */,
				B2AD23C72861F6C6008D9EE8 /* Views */,
				B2AD23B92861F1E0008D9EE8 /* Assets.xcassets */,
				B2AD23BB2861F1E0008D9EE8 /* Preview Content */,
			);
			path = fruits;
			sourceTree = "<group>";
		};
		B2AD23BB2861F1E0008D9EE8 /* Preview Content */ = {
			isa = PBXGroup;
			children = (
				B2AD23BC2861F1E0008D9EE8 /* Preview Assets.xcassets */,
			);
			path = "Preview Content";
			sourceTree = "<group>";
		};
		B2AD23C32861F4C5008D9EE8 /* Data */ = {
			isa = PBXGroup;
			children = (
				B2A9CA09286345A1002F9C95 /* FruitData.swift */,
			);
			path = Data;
			sourceTree = "<group>";
		};
		B2AD23C72861F6C6008D9EE8 /* Views */ = {
			isa = PBXGroup;
			children = (
				B2AD23B72861F1DF008D9EE8 /* ContentView.swift */,
				B2AD23D02862003E008D9EE8 /* OnboardingView.swift */,
			);
			path = Views;
			sourceTree = "<group>";
		};
		B2AD23C82861F730008D9EE8 /* Components */ = {
			isa = PBXGroup;
			children = (
				B2AD23C92861F777008D9EE8 /* FruitCardView.swift */,
				B2AD23CE2861FDA9008D9EE8 /* StartButton.swift */,
				B2A9CA0B28634C17002F9C95 /* FruitRowView.swift */,
			);
			path = Components;
			sourceTree = "<group>";
		};
		B2AD23CB2861F910008D9EE8 /* Utilities */ = {
			isa = PBXGroup;
			children = (
				B2AD23CC2861F91D008D9EE8 /* Extensions.swift */,
			);
			path = Utilities;
			sourceTree = "<group>";
		};
/* End PBXGroup section */

/* Begin PBXNativeTarget section */
		B2AD23B12861F1DF008D9EE8 /* fruits */ = {
			isa = PBXNativeTarget;
			buildConfigurationList = B2AD23C02861F1E0008D9EE8 /* Build configuration list for PBXNativeTarget "fruits" */;
			buildPhases = (
				B2AD23AE2861F1DF008D9EE8 /* Sources */,
				B2AD23AF2861F1DF008D9EE8 /* Frameworks */,
				B2AD23B02861F1DF008D9EE8 /* Resources */,
			);
			buildRules = (
			);
			dependencies = (
			);
			name = fruits;
			productName = fruits;
			productReference = B2AD23B22861F1DF008D9EE8 /* fruits.app */;
			productType = "com.apple.product-type.application";
		};
/* End PBXNativeTarget section */

/* Begin PBXProject section */
		B2AD23AA2861F1DF008D9EE8 /* Project object */ = {
			isa = PBXProject;
			attributes = {
				BuildIndependentTargetsInParallel = 1;
				LastSwiftUpdateCheck = 1340;
				LastUpgradeCheck = 1340;
				TargetAttributes = {
					B2AD23B12861F1DF008D9EE8 = {
						CreatedOnToolsVersion = 13.4.1;
					};
				};
			};
			buildConfigurationList = B2AD23AD2861F1DF008D9EE8 /* Build configuration list for PBXProject "fruits" */;
			compatibilityVersion = "Xcode 13.0";
			developmentRegion = en;
			hasScannedForEncodings = 0;
			knownRegions = (
				en,
				Base,
			);
			mainGroup = B2AD23A92861F1DF008D9EE8;
			productRefGroup = B2AD23B32861F1DF008D9EE8 /* Products */;
			projectDirPath = "";
			projectRoot = "";
			targets = (
				B2AD23B12861F1DF008D9EE8 /* fruits */,
			);
		};
/* End PBXProject section */

/* Begin PBXResourcesBuildPhase section */
		B2AD23B02861F1DF008D9EE8 /* Resources */ = {
			isa = PBXResourcesBuildPhase;
			buildActionMask = 2147483647;
			files = (
				B2AD23BD2861F1E0008D9EE8 /* Preview Assets.xcassets in Resources */,
				B2AD23BA2861F1E0008D9EE8 /* Assets.xcassets in Resources */,
			);
			runOnlyForDeploymentPostprocessing = 0;
		};
/* End PBXResourcesBuildPhase section */

/* Begin PBXSourcesBuildPhase section */
		B2AD23AE2861F1DF008D9EE8 /* Sources */ = {
			isa = PBXSourcesBuildPhase;
			buildActionMask = 2147483647;
			files = (
				B2AD23CA2861F777008D9EE8 /* FruitCardView.swift in Sources */,
				B2AD23B82861F1DF008D9EE8 /* ContentView.swift in Sources */,
				B2A9CA0C28634C17002F9C95 /* FruitRowView.swift in Sources */,
				B2AD23CF2861FDA9008D9EE8 /* StartButton.swift in Sources */,
				B2AD23D12862003E008D9EE8 /* OnboardingView.swift in Sources */,
				B2AD23B62861F1DF008D9EE8 /* fruitsApp.swift in Sources */,
				B2A9CA08286344F0002F9C95 /* FruitModel.swift in Sources */,
				B2A9CA0A286345A1002F9C95 /* FruitData.swift in Sources */,
				B2AD23CD2861F91D008D9EE8 /* Extensions.swift in Sources */,
			);
			runOnlyForDeploymentPostprocessing = 0;
		};
/* End PBXSourcesBuildPhase section */

/* Begin XCBuildConfiguration section */
		B2AD23BE2861F1E0008D9EE8 /* Debug */ = {
			isa = XCBuildConfiguration;
			buildSettings = {
				ALWAYS_SEARCH_USER_PATHS = NO;
				CLANG_ANALYZER_NONNULL = YES;
				CLANG_ANALYZER_NUMBER_OBJECT_CONVERSION = YES_AGGRESSIVE;
				CLANG_CXX_LANGUAGE_STANDARD = "gnu++17";
				CLANG_ENABLE_MODULES = YES;
				CLANG_ENABLE_OBJC_ARC = YES;
				CLANG_ENABLE_OBJC_WEAK = YES;
				CLANG_WARN_BLOCK_CAPTURE_AUTORELEASING = YES;
				CLANG_WARN_BOOL_CONVERSION = YES;
				CLANG_WARN_COMMA = YES;
				CLANG_WARN_CONSTANT_CONVERSION = YES;
				CLANG_WARN_DEPRECATED_OBJC_IMPLEMENTATIONS = YES;
				CLANG_WARN_DIRECT_OBJC_ISA_USAGE = YES_ERROR;
				CLANG_WARN_DOCUMENTATION_COMMENTS = YES;
				CLANG_WARN_EMPTY_BODY = YES;
				CLANG_WARN_ENUM_CONVERSION = YES;
				CLANG_WARN_INFINITE_RECURSION = YES;
				CLANG_WARN_INT_CONVERSION = YES;
				CLANG_WARN_NON_LITERAL_NULL_CONVERSION = YES;
				CLANG_WARN_OBJC_IMPLICIT_RETAIN_SELF = YES;
				CLANG_WARN_OBJC_LITERAL_CONVERSION = YES;
				CLANG_WARN_OBJC_ROOT_CLASS = YES_ERROR;
				CLANG_WARN_QUOTED_INCLUDE_IN_FRAMEWORK_HEADER = YES;
				CLANG_WARN_RANGE_LOOP_ANALYSIS = YES;
				CLANG_WARN_STRICT_PROTOTYPES = YES;
				CLANG_WARN_SUSPICIOUS_MOVE = YES;
				CLANG_WARN_UNGUARDED_AVAILABILITY = YES_AGGRESSIVE;
				CLANG_WARN_UNREACHABLE_CODE = YES;
				CLANG_WARN__DUPLICATE_METHOD_MATCH = YES;
				COPY_PHASE_STRIP = NO;
				DEBUG_INFORMATION_FORMAT = dwarf;
				ENABLE_STRICT_OBJC_MSGSEND = YES;
				ENABLE_TESTABILITY = YES;
				GCC_C_LANGUAGE_STANDARD = gnu11;
				GCC_DYNAMIC_NO_PIC = NO;
				GCC_NO_COMMON_BLOCKS = YES;
				GCC_OPTIMIZATION_LEVEL = 0;
				GCC_PREPROCESSOR_DEFINITIONS = (
					"DEBUG=1",
					"$(inherited)",
				);
				GCC_WARN_64_TO_32_BIT_CONVERSION = YES;
				GCC_WARN_ABOUT_RETURN_TYPE = YES_ERROR;
				GCC_WARN_UNDECLARED_SELECTOR = YES;
				GCC_WARN_UNINITIALIZED_AUTOS = YES_AGGRESSIVE;
				GCC_WARN_UNUSED_FUNCTION = YES;
				GCC_WARN_UNUSED_VARIABLE = YES;
				IPHONEOS_DEPLOYMENT_TARGET = 15.5;
				MTL_ENABLE_DEBUG_INFO = INCLUDE_SOURCE;
				MTL_FAST_MATH = YES;
				ONLY_ACTIVE_ARCH = YES;
				SDKROOT = iphoneos;
				SWIFT_ACTIVE_COMPILATION_CONDITIONS = DEBUG;
				SWIFT_OPTIMIZATION_LEVEL = "-Onone";
			};
			name = Debug;
		};
		B2AD23BF2861F1E0008D9EE8 /* Release */ = {
			isa = XCBuildConfiguration;
			buildSettings = {
				ALWAYS_SEARCH_USER_PATHS = NO;
				CLANG_ANALYZER_NONNULL = YES;
				CLANG_ANALYZER_NUMBER_OBJECT_CONVERSION = YES_AGGRESSIVE;
				CLANG_CXX_LANGUAGE_STANDARD = "gnu++17";
				CLANG_ENABLE_MODULES = YES;
				CLANG_ENABLE_OBJC_ARC = YES;
				CLANG_ENABLE_OBJC_WEAK = YES;
				CLANG_WARN_BLOCK_CAPTURE_AUTORELEASING = YES;
				CLANG_WARN_BOOL_CONVERSION = YES;
				CLANG_WARN_COMMA = YES;
				CLANG_WARN_CONSTANT_CONVERSION = YES;
				CLANG_WARN_DEPRECATED_OBJC_IMPLEMENTATIONS = YES;
				CLANG_WARN_DIRECT_OBJC_ISA_USAGE = YES_ERROR;
				CLANG_WARN_DOCUMENTATION_COMMENTS = YES;
				CLANG_WARN_EMPTY_BODY = YES;
				CLANG_WARN_ENUM_CONVERSION = YES;
				CLANG_WARN_INFINITE_RECURSION = YES;
				CLANG_WARN_INT_CONVERSION = YES;
				CLANG_WARN_NON_LITERAL_NULL_CONVERSION = YES;
				CLANG_WARN_OBJC_IMPLICIT_RETAIN_SELF = YES;
				CLANG_WARN_OBJC_LITERAL_CONVERSION = YES;
				CLANG_WARN_OBJC_ROOT_CLASS = YES_ERROR;
				CLANG_WARN_QUOTED_INCLUDE_IN_FRAMEWORK_HEADER = YES;
				CLANG_WARN_RANGE_LOOP_ANALYSIS = YES;
				CLANG_WARN_STRICT_PROTOTYPES = YES;
				CLANG_WARN_SUSPICIOUS_MOVE = YES;
				CLANG_WARN_UNGUARDED_AVAILABILITY = YES_AGGRESSIVE;
				CLANG_WARN_UNREACHABLE_CODE = YES;
				CLANG_WARN__DUPLICATE_METHOD_MATCH = YES;
				COPY_PHASE_STRIP = NO;
				DEBUG_INFORMATION_FORMAT = "dwarf-with-dsym";
				ENABLE_NS_ASSERTIONS = NO;
				ENABLE_STRICT_OBJC_MSGSEND = YES;
				GCC_C_LANGUAGE_STANDARD = gnu11;
				GCC_NO_COMMON_BLOCKS = YES;
				GCC_WARN_64_TO_32_BIT_CONVERSION = YES;
				GCC_WARN_ABOUT_RETURN_TYPE = YES_ERROR;
				GCC_WARN_UNDECLARED_SELECTOR = YES;
				GCC_WARN_UNINITIALIZED_AUTOS = YES_AGGRESSIVE;
				GCC_WARN_UNUSED_FUNCTION = YES;
				GCC_WARN_UNUSED_VARIABLE = YES;
				IPHONEOS_DEPLOYMENT_TARGET = 15.5;
				MTL_ENABLE_DEBUG_INFO = NO;
				MTL_FAST_MATH = YES;
				SDKROOT = iphoneos;
				SWIFT_COMPILATION_MODE = wholemodule;
				SWIFT_OPTIMIZATION_LEVEL = "-O";
				VALIDATE_PRODUCT = YES;
			};
			name = Release;
		};
		B2AD23C12861F1E0008D9EE8 /* Debug */ = {
			isa = XCBuildConfiguration;
			buildSettings = {
				ASSETCATALOG_COMPILER_APPICON_NAME = AppIcon;
				ASSETCATALOG_COMPILER_GLOBAL_ACCENT_COLOR_NAME = AccentColor;
				CODE_SIGN_STYLE = Automatic;
				CURRENT_PROJECT_VERSION = 1;
				DEVELOPMENT_ASSET_PATHS = "\"fruits/Preview Content\"";
				DEVELOPMENT_TEAM = 394Y786645;
				ENABLE_PREVIEWS = YES;
				GENERATE_INFOPLIST_FILE = YES;
				INFOPLIST_KEY_UIApplicationSceneManifest_Generation = YES;
				INFOPLIST_KEY_UIApplicationSupportsIndirectInputEvents = YES;
				INFOPLIST_KEY_UILaunchScreen_Generation = YES;
				INFOPLIST_KEY_UISupportedInterfaceOrientations_iPad = "UIInterfaceOrientationPortrait UIInterfaceOrientationPortraitUpsideDown UIInterfaceOrientationLandscapeLeft UIInterfaceOrientationLandscapeRight";
				INFOPLIST_KEY_UISupportedInterfaceOrientations_iPhone = UIInterfaceOrientationPortrait;
				LD_RUNPATH_SEARCH_PATHS = (
					"$(inherited)",
					"@executable_path/Frameworks",
				);
				MARKETING_VERSION = 1.0;
				PRODUCT_BUNDLE_IDENTIFIER = com.yap.fengyuan.fruits;
				PRODUCT_NAME = "$(TARGET_NAME)";
				SWIFT_EMIT_LOC_STRINGS = YES;
				SWIFT_VERSION = 5.0;
				TARGETED_DEVICE_FAMILY = "1,2";
			};
			name = Debug;
		};
		B2AD23C22861F1E0008D9EE8 /* Release */ = {
			isa = XCBuildConfiguration;
			buildSettings = {
				ASSETCATALOG_COMPILER_APPICON_NAME = AppIcon;
				ASSETCATALOG_COMPILER_GLOBAL_ACCENT_COLOR_NAME = AccentColor;
				CODE_SIGN_STYLE = Automatic;
				CURRENT_PROJECT_VERSION = 1;
				DEVELOPMENT_ASSET_PATHS = "\"fruits/Preview Content\"";
				DEVELOPMENT_TEAM = 394Y786645;
				ENABLE_PREVIEWS = YES;
				GENERATE_INFOPLIST_FILE = YES;
				INFOPLIST_KEY_UIApplicationSceneManifest_Generation = YES;
				INFOPLIST_KEY_UIApplicationSupportsIndirectInputEvents = YES;
				INFOPLIST_KEY_UILaunchScreen_Generation = YES;
				INFOPLIST_KEY_UISupportedInterfaceOrientations_iPad = "UIInterfaceOrientationPortrait UIInterfaceOrientationPortraitUpsideDown UIInterfaceOrientationLandscapeLeft UIInterfaceOrientationLandscapeRight";
				INFOPLIST_KEY_UISupportedInterfaceOrientations_iPhone = UIInterfaceOrientationPortrait;
				LD_RUNPATH_SEARCH_PATHS = (
					"$(inherited)",
					"@executable_path/Frameworks",
				);
				MARKETING_VERSION = 1.0;
				PRODUCT_BUNDLE_IDENTIFIER = com.yap.fengyuan.fruits;
				PRODUCT_NAME = "$(TARGET_NAME)";
				SWIFT_EMIT_LOC_STRINGS = YES;
				SWIFT_VERSION = 5.0;
				TARGETED_DEVICE_FAMILY = "1,2";
			};
			name = Release;
		};
/* End XCBuildConfiguration section */

/* Begin XCConfigurationList section */
		B2AD23AD2861F1DF008D9EE8 /* Build configuration list for PBXProject "fruits" */ = {
			isa = XCConfigurationList;
			buildConfigurations = (
				B2AD23BE2861F1E0008D9EE8 /* Debug */,
				B2AD23BF2861F1E0008D9EE8 /* Release */,
			);
			defaultConfigurationIsVisible = 0;
			defaultConfigurationName = Release;
		};
		B2AD23C02861F1E0008D9EE8 /* Build configuration list for PBXNativeTarget "fruits" */ = {
			isa = XCConfigurationList;
			buildConfigurations = (
				B2AD23C12861F1E0008D9EE8 /* Debug */,
				B2AD23C22861F1E0008D9EE8 /* Release */,
			);
			defaultConfigurationIsVisible = 0;
			defaultConfigurationName = Release;
		};
/* End XCConfigurationList section */
	};
	rootObject = B2AD23AA2861F1DF008D9EE8 /* Project object */;
}
